
Microsoft Visual Studio Solution File, Format Version 12.00
# Visual Studio Version 16
VisualStudioVersion = 16.0.30804.86
MinimumVisualStudioVersion = 10.0.40219.1
Project("{FAE04EC0-301F-11D3-BF4B-00C04F79EFBC}") = "DualGlobe.ERP", "DualGlobe.ERP.csproj", "{022D1EC2-002F-4D29-AC46-156EA17EB7F8}"
EndProject
Project("{FAE04EC0-301F-11D3-BF4B-00C04F79EFBC}") = "Library.DualGlobe.ERP", "..\..\..\Library.DualGlobe.ERP\Library.DualGlobe.ERP.csproj", "{452A7F98-AEF8-4E81-BCCF-D569A369534E}"
EndProject
Global
	GlobalSection(SolutionConfigurationPlatforms) = preSolution
		Debug|Any CPU = Debug|Any CPU
		Release|Any CPU = Release|Any CPU
		Description = Solution Update by MKS on 2022_06_19 for Handover
	EndGlobalSection
	GlobalSection(ProjectConfigurationPlatforms) = postSolution
		{022D1EC2-002F-4D29-AC46-156EA17EB7F8}.Debug|Any CPU.ActiveCfg = Debug|Any CPU
		{022D1EC2-002F-4D29-AC46-156EA17EB7F8}.Debug|Any CPU.Build.0 = Debug|Any CPU
		{022D1EC2-002F-4D29-AC46-156EA17EB7F8}.Release|Any CPU.ActiveCfg = Release|Any CPU
		{022D1EC2-002F-4D29-AC46-156EA17EB7F8}.Release|Any CPU.Build.0 = Release|Any CPU
		{452A7F98-AEF8-4E81-BCCF-D569A369534E}.Debug|Any CPU.ActiveCfg = Debug|Any CPU
		{452A7F98-AEF8-4E81-BCCF-D569A369534E}.Debug|Any CPU.Build.0 = Debug|Any CPU
		{452A7F98-AEF8-4E81-BCCF-D569A369534E}.Release|Any CPU.ActiveCfg = Release|Any CPU
		{452A7F98-AEF8-4E81-BCCF-D569A369534E}.Release|Any CPU.Build.0 = Release|Any CPU
	EndGlobalSection
	GlobalSection(SolutionProperties) = preSolution
		HideSolutionNode = FALSE
	EndGlobalSection
	GlobalSection(ExtensibilityGlobals) = postSolution
		SolutionGuid = {4033F8E9-2354-4893-8C0B-62154DDFDD43}
	EndGlobalSection
EndGlobal
